
Microsoft Visual Studio Solution File, Format Version 12.00
# Visual Studio 2013
VisualStudioVersion = 12.0.21005.1
MinimumVisualStudioVersion = 10.0.40219.1
Project("{FAE04EC0-301F-11D3-BF4B-00C04F79EFBC}") = "Sem10.Web", "Sem10.Web\Sem10.Web.csproj", "{67611D51-EF30-49A8-B0B0-804BC1994B8C}"
EndProject
Project("{FAE04EC0-301F-11D3-BF4B-00C04F79EFBC}") = "Sem10.Services", "Sem10.Services\Sem10.Services.csproj", "{7B4FE202-928F-4297-A5A3-9A41E2B846EF}"
EndProject
Project("{FAE04EC0-301F-11D3-BF4B-00C04F79EFBC}") = "Sem10.Repositories", "Sem10.Repositories\Sem10.Repositories.csproj", "{71921A9D-3F95-47AB-8B73-D5F142446706}"
EndProject
Project("{FAE04EC0-301F-11D3-BF4B-00C04F79EFBC}") = "Sem10.Entitities", "Sem10.Entitities\Sem10.Entitities.csproj", "{9010182F-B1A4-4C2E-A2C1-2D6B03DDF71B}"
EndProject
Project("{FAE04EC0-301F-11D3-BF4B-00C04F79EFBC}") = "Sem10.Tests", "Sem10.Tests\Sem10.Tests.csproj", "{9101E9C3-EFDA-4584-A916-EBCAD14F0083}"
EndProject
Project("{FAE04EC0-301F-11D3-BF4B-00C04F79EFBC}") = "Sem10.Interfaces", "Sem10.Interfaces\Sem10.Interfaces.csproj", "{C9B5435B-2FF2-497D-839F-EA9C7D0F270A}"
EndProject
Global
	GlobalSection(SolutionConfigurationPlatforms) = preSolution
		Debug|Any CPU = Debug|Any CPU
		Release|Any CPU = Release|Any CPU
	EndGlobalSection
	GlobalSection(ProjectConfigurationPlatforms) = postSolution
		{67611D51-EF30-49A8-B0B0-804BC1994B8C}.Debug|Any CPU.ActiveCfg = Debug|Any CPU
		{67611D51-EF30-49A8-B0B0-804BC1994B8C}.Debug|Any CPU.Build.0 = Debug|Any CPU
		{67611D51-EF30-49A8-B0B0-804BC1994B8C}.Release|Any CPU.ActiveCfg = Release|Any CPU
		{67611D51-EF30-49A8-B0B0-804BC1994B8C}.Release|Any CPU.Build.0 = Release|Any CPU
		{7B4FE202-928F-4297-A5A3-9A41E2B846EF}.Debug|Any CPU.ActiveCfg = Debug|Any CPU
		{7B4FE202-928F-4297-A5A3-9A41E2B846EF}.Debug|Any CPU.Build.0 = Debug|Any CPU
		{7B4FE202-928F-4297-A5A3-9A41E2B846EF}.Release|Any CPU.ActiveCfg = Release|Any CPU
		{7B4FE202-928F-4297-A5A3-9A41E2B846EF}.Release|Any CPU.Build.0 = Release|Any CPU
		{71921A9D-3F95-47AB-8B73-D5F142446706}.Debug|Any CPU.ActiveCfg = Debug|Any CPU
		{71921A9D-3F95-47AB-8B73-D5F142446706}.Debug|Any CPU.Build.0 = Debug|Any CPU
		{71921A9D-3F95-47AB-8B73-D5F142446706}.Release|Any CPU.ActiveCfg = Release|Any CPU
		{71921A9D-3F95-47AB-8B73-D5F142446706}.Release|Any CPU.Build.0 = Release|Any CPU
		{9010182F-B1A4-4C2E-A2C1-2D6B03DDF71B}.Debug|Any CPU.ActiveCfg = Debug|Any CPU
		{9010182F-B1A4-4C2E-A2C1-2D6B03DDF71B}.Debug|Any CPU.Build.0 = Debug|Any CPU
		{9010182F-B1A4-4C2E-A2C1-2D6B03DDF71B}.Release|Any CPU.ActiveCfg = Release|Any CPU
		{9010182F-B1A4-4C2E-A2C1-2D6B03DDF71B}.Release|Any CPU.Build.0 = Release|Any CPU
		{9101E9C3-EFDA-4584-A916-EBCAD14F0083}.Debug|Any CPU.ActiveCfg = Debug|Any CPU
		{9101E9C3-EFDA-4584-A916-EBCAD14F0083}.Debug|Any CPU.Build.0 = Debug|Any CPU
		{9101E9C3-EFDA-4584-A916-EBCAD14F0083}.Release|Any CPU.ActiveCfg = Release|Any CPU
		{9101E9C3-EFDA-4584-A916-EBCAD14F0083}.Release|Any CPU.Build.0 = Release|Any CPU
		{C9B5435B-2FF2-497D-839F-EA9C7D0F270A}.Debug|Any CPU.ActiveCfg = Debug|Any CPU
		{C9B5435B-2FF2-497D-839F-EA9C7D0F270A}.Debug|Any CPU.Build.0 = Debug|Any CPU
		{C9B5435B-2FF2-497D-839F-EA9C7D0F270A}.Release|Any CPU.ActiveCfg = Release|Any CPU
		{C9B5435B-2FF2-497D-839F-EA9C7D0F270A}.Release|Any CPU.Build.0 = Release|Any CPU
	EndGlobalSection
	GlobalSection(SolutionProperties) = preSolution
		HideSolutionNode = FALSE
	EndGlobalSection
EndGlobal
